
Microsoft Visual Studio Solution File, Format Version 12.00
# Visual Studio Version 17
VisualStudioVersion = 17.3.32811.315
MinimumVisualStudioVersion = 10.0.40219.1
Project("{FAE04EC0-301F-11D3-BF4B-00C04F79EFBC}") = "HOT2-1", "HOT2-1\HOT2-1.csproj", "{41F7CB30-712F-43DC-B106-FBB320A93A52}"
EndProject
Global
	GlobalSection(SolutionConfigurationPlatforms) = preSolution
		Debug|Any CPU = Debug|Any CPU
		Release|Any CPU = Release|Any CPU
	EndGlobalSection
	GlobalSection(ProjectConfigurationPlatforms) = postSolution
		{41F7CB30-712F-43DC-B106-FBB320A93A52}.Debug|Any CPU.ActiveCfg = Debug|Any CPU
		{41F7CB30-712F-43DC-B106-FBB320A93A52}.Debug|Any CPU.Build.0 = Debug|Any CPU
		{41F7CB30-712F-43DC-B106-FBB320A93A52}.Release|Any CPU.ActiveCfg = Release|Any CPU
		{41F7CB30-712F-43DC-B106-FBB320A93A52}.Release|Any CPU.Build.0 = Release|Any CPU
	EndGlobalSection
	GlobalSection(SolutionProperties) = preSolution
		HideSolutionNode = FALSE
	EndGlobalSection
	GlobalSection(ExtensibilityGlobals) = postSolution
		SolutionGuid = {C1707AEA-2D0F-4851-80E1-4B93EE7120C6}
	EndGlobalSection
EndGlobal
