
Microsoft Visual Studio Solution File, Format Version 12.00
# Visual Studio Version 17
VisualStudioVersion = 17.3.32811.315
MinimumVisualStudioVersion = 10.0.40219.1
Project("{FAE04EC0-301F-11D3-BF4B-00C04F79EFBC}") = "HOT1-2", "HOT1-2\HOT1-2.csproj", "{16148D7B-A5ED-4425-9A70-F45B6E9F7C82}"
EndProject
Global
	GlobalSection(SolutionConfigurationPlatforms) = preSolution
		Debug|Any CPU = Debug|Any CPU
		Release|Any CPU = Release|Any CPU
	EndGlobalSection
	GlobalSection(ProjectConfigurationPlatforms) = postSolution
		{16148D7B-A5ED-4425-9A70-F45B6E9F7C82}.Debug|Any CPU.ActiveCfg = Debug|Any CPU
		{16148D7B-A5ED-4425-9A70-F45B6E9F7C82}.Debug|Any CPU.Build.0 = Debug|Any CPU
		{16148D7B-A5ED-4425-9A70-F45B6E9F7C82}.Release|Any CPU.ActiveCfg = Release|Any CPU
		{16148D7B-A5ED-4425-9A70-F45B6E9F7C82}.Release|Any CPU.Build.0 = Release|Any CPU
	EndGlobalSection
	GlobalSection(SolutionProperties) = preSolution
		HideSolutionNode = FALSE
	EndGlobalSection
	GlobalSection(ExtensibilityGlobals) = postSolution
		SolutionGuid = {A3C099C3-8AB1-4697-AF09-BB17CF475D80}
	EndGlobalSection
EndGlobal
